#MicroXplorer Configuration settings - do not modify
CAD.formats=
CAD.pinconfig=
CAD.provider=
File.Version=6
GPIO.groupedBy=Group By Peripherals
I2C1.I2C_Speed_Mode=I2C_Fast
I2C1.IPParameters=Timing,I2C_Speed_Mode
I2C1.Timing=0x00300F38
KeepUserPlacement=false
Mcu.CPN=STM32WB55CGU6
Mcu.Family=STM32WB
Mcu.IP0=HSEM
Mcu.IP1=I2C1
Mcu.IP10=TINY_LPM
Mcu.IP2=IPCC
Mcu.IP3=NVIC
Mcu.IP4=RCC
Mcu.IP5=RF
Mcu.IP6=RTC
Mcu.IP7=SEQUENCER
Mcu.IP8=STM32_WPAN
Mcu.IP9=SYS
Mcu.IPNb=11
Mcu.Name=STM32WB55CGUx
Mcu.Package=UFQFPN48
Mcu.Pin0=PC14-OSC32_IN
Mcu.Pin1=PC15-OSC32_OUT
Mcu.Pin10=PB6
Mcu.Pin11=PB7
Mcu.Pin12=VP_HSEM_VS_HSEM
Mcu.Pin13=VP_IPCC_VS_IPCC
Mcu.Pin14=VP_RTC_VS_RTC_Activate
Mcu.Pin15=VP_RTC_VS_RTC_WakeUp_intern
Mcu.Pin16=VP_SEQUENCER_VS_SEQUENCER
Mcu.Pin17=VP_STM32_WPAN_VS_BLE_HOST
Mcu.Pin18=VP_SYS_VS_Systick
Mcu.Pin19=VP_TINY_LPM_VS_TINY_LPM
Mcu.Pin2=PA0
Mcu.Pin20=VP_STMicroelectronics.X-CUBE-MEMS1_VS_BoardOoPartJjAccGyr_5.5.0_9.6.0
Mcu.Pin3=PA1
Mcu.Pin4=PA3
Mcu.Pin5=PA4
Mcu.Pin6=PB2
Mcu.Pin7=RF1
Mcu.Pin8=OSC_OUT
Mcu.Pin9=OSC_IN
Mcu.PinsNb=21
Mcu.ThirdParty0=STMicroelectronics.X-CUBE-MEMS1.9.6.0
Mcu.ThirdPartyNb=1
Mcu.UserConstants=
Mcu.UserName=STM32WB55CGUx
MxCube.Version=6.8.0
MxDb.Version=DB.6.0.80
NVIC.BusFault_IRQn=true\:0\:0\:false\:false\:true\:false\:false\:false
NVIC.DebugMonitor_IRQn=true\:0\:0\:false\:false\:true\:false\:false\:false
NVIC.EXTI3_IRQn=true\:0\:0\:false\:false\:true\:true\:true\:true
NVIC.ForceEnableDMAVector=true
NVIC.HSEM_IRQn=true\:0\:0\:false\:false\:true\:false\:true\:true
NVIC.HardFault_IRQn=true\:0\:0\:false\:false\:true\:false\:false\:false
NVIC.IPCC_C1_RX_IRQn=true\:0\:0\:false\:false\:true\:true\:true\:true
NVIC.IPCC_C1_TX_IRQn=true\:0\:0\:false\:false\:true\:true\:true\:true
NVIC.MemoryManagement_IRQn=true\:0\:0\:false\:false\:true\:false\:false\:false
NVIC.NonMaskableInt_IRQn=true\:0\:0\:false\:false\:true\:false\:false\:false
NVIC.PendSV_IRQn=true\:0\:0\:false\:false\:true\:false\:false\:false
NVIC.PriorityGroup=NVIC_PRIORITYGROUP_4
NVIC.RTC_WKUP_IRQn=true\:0\:0\:false\:false\:true\:true\:true\:true
NVIC.SVCall_IRQn=true\:0\:0\:false\:false\:true\:false\:false\:false
NVIC.SysTick_IRQn=true\:0\:0\:false\:false\:true\:false\:true\:false
NVIC.UsageFault_IRQn=true\:0\:0\:false\:false\:true\:false\:false\:false
OSC_IN.Locked=true
OSC_IN.Mode=HSE-External-Oscillator
OSC_IN.Signal=RCC_OSC_IN
OSC_OUT.Locked=true
OSC_OUT.Mode=HSE-External-Oscillator
OSC_OUT.Signal=RCC_OSC_OUT
PA0.Locked=true
PA0.Signal=GPIO_Output
PA1.Locked=true
PA1.Signal=GPIO_Input
PA3.Locked=true
PA3.Signal=GPXTI3
PA4.Locked=true
PA4.Signal=GPIO_Input
PB2.Locked=true
PB2.Signal=GPIO_Output
PB6.Locked=true
PB6.Mode=I2C
PB6.Signal=I2C1_SCL
PB7.Locked=true
PB7.Mode=I2C
PB7.Signal=I2C1_SDA
PC14-OSC32_IN.Locked=true
PC14-OSC32_IN.Mode=LSE-External-Oscillator
PC14-OSC32_IN.Signal=RCC_OSC32_IN
PC15-OSC32_OUT.Locked=true
PC15-OSC32_OUT.Mode=LSE-External-Oscillator
PC15-OSC32_OUT.Signal=RCC_OSC32_OUT
PCC.Ble.ConnectionInterval=1000.0
PCC.Ble.DataLength=6
PCC.Ble.IsUsed=false
PCC.Ble.Mode=NOT_SELECTED
PCC.Ble.PowerLevel=Min
PCC.Zigbee.IsUsed=false
PCC.Zigbee.Mode=Sleepy End Device
PCC.Zigbee.Payload=15
PCC.Zigbee.PoolPeriodicity=480.0
PCC.Zigbee.PowerLevel=Min
PCC.Zigbee.RequestPeriodicity=1500.0
PinOutPanel.RotationAngle=0
ProjectManager.AskForMigrate=true
ProjectManager.BackupPrevious=false
ProjectManager.CompilerOptimize=6
ProjectManager.ComputerToolchain=false
ProjectManager.CoupleFile=false
ProjectManager.CustomerFirmwarePackage=
ProjectManager.DefaultFWLocation=true
ProjectManager.DeletePrevious=true
ProjectManager.DeviceId=STM32WB55CGUx
ProjectManager.FirmwarePackage=STM32Cube FW_WB V1.16.0
ProjectManager.FreePins=false
ProjectManager.HalAssertFull=false
ProjectManager.HeapSize=0x200
ProjectManager.KeepUserCode=true
ProjectManager.LastFirmware=true
ProjectManager.LibraryCopy=2
ProjectManager.MainLocation=Core/Src
ProjectManager.NoMain=false
ProjectManager.PreviousToolchain=
ProjectManager.ProjectBuild=false
ProjectManager.ProjectFileName=DEV_BOARD_APP.ioc
ProjectManager.ProjectName=DEV_BOARD_APP
ProjectManager.ProjectStructure=
ProjectManager.RegisterCallBack=
ProjectManager.StackSize=0x400
ProjectManager.TargetToolchain=STM32CubeIDE
ProjectManager.ToolChainLocation=
ProjectManager.UnderRoot=true
ProjectManager.functionlistsort=1-SystemClock_Config-RCC-false-HAL-false,2-MX_GPIO_Init-GPIO-false-HAL-true,3-MX_RTC_Init-RTC-false-HAL-true,4-APPE_Init-STM32_WPAN-false-HAL-false,5-MX_IPCC_Init-IPCC-false-HAL-true,0-MX_HSEM_Init-HSEM-false-HAL-true,0-MX_RF_Init-RF-false-HAL-true
RCC.ADCFreq_Value=48000000
RCC.AHBFreq_Value=32000000
RCC.APB1Freq_Value=32000000
RCC.APB1TimFreq_Value=32000000
RCC.APB2Freq_Value=32000000
RCC.APB2TimFreq_Value=32000000
RCC.APB3Freq_Value=16000000
RCC.Cortex2Freq_Value=32000000
RCC.CortexFreq_Value=32000000
RCC.FCLK2Freq_Value=32000000
RCC.FCLKCortexFreq_Value=32000000
RCC.FamilyName=M
RCC.HCLK2Freq_Value=32000000
RCC.HCLK3Freq_Value=32000000
RCC.HCLKFreq_Value=32000000
RCC.HCLKRFFreq_Value=16000000
RCC.HSE_VALUE=32000000
RCC.HSI48_VALUE=48000000
RCC.HSI_VALUE=16000000
RCC.I2C1Freq_Value=32000000
RCC.I2C3Freq_Value=32000000
RCC.IPParameters=ADCFreq_Value,AHBFreq_Value,APB1Freq_Value,APB1TimFreq_Value,APB2Freq_Value,APB2TimFreq_Value,APB3Freq_Value,Cortex2Freq_Value,CortexFreq_Value,FCLK2Freq_Value,FCLKCortexFreq_Value,FamilyName,HCLK2Freq_Value,HCLK3Freq_Value,HCLKFreq_Value,HCLKRFFreq_Value,HSE_VALUE,HSI48_VALUE,HSI_VALUE,I2C1Freq_Value,I2C3Freq_Value,LCDFreq_Value,LPTIM1Freq_Value,LPTIM2Freq_Value,LPUART1Freq_Value,LSCOPinFreq_Value,LSI_VALUE,MCO1PinFreq_Value,PLLN,PLLPoutputFreq_Value,PLLQoutputFreq_Value,PLLRCLKFreq_Value,PLLSAI1N,PLLSAI1PoutputFreq_Value,PLLSAI1QoutputFreq_Value,PLLSAI1RoutputFreq_Value,PWRFreq_Value,RFWKPClockSelection,RFWKPFreq_Value,RNGFreq_Value,RTCClockSelection,RTCFreq_Value,SAI1Freq_Value,SMPS1Freq_Value,SMPSDivider,SYSCLKFreq_VALUE,SYSCLKSource,USART1Freq_Value,USBFreq_Value,VCOInputFreq_Value,VCOOutputFreq_Value,VCOSAI1OutputFreq_Value
RCC.LCDFreq_Value=32768
RCC.LPTIM1Freq_Value=32000000
RCC.LPTIM2Freq_Value=32000000
RCC.LPUART1Freq_Value=32000000
RCC.LSCOPinFreq_Value=32000
RCC.LSI_VALUE=32000
RCC.MCO1PinFreq_Value=32000000
RCC.PLLN=32
RCC.PLLPoutputFreq_Value=64000000
RCC.PLLQoutputFreq_Value=64000000
RCC.PLLRCLKFreq_Value=64000000
RCC.PLLSAI1N=24
RCC.PLLSAI1PoutputFreq_Value=48000000
RCC.PLLSAI1QoutputFreq_Value=48000000
RCC.PLLSAI1RoutputFreq_Value=48000000
RCC.PWRFreq_Value=32000000
RCC.RFWKPClockSelection=RCC_RFWKPCLKSOURCE_LSE
RCC.RFWKPFreq_Value=32768
RCC.RNGFreq_Value=32000
RCC.RTCClockSelection=RCC_RTCCLKSOURCE_LSE
RCC.RTCFreq_Value=32768
RCC.SAI1Freq_Value=48000000
RCC.SMPS1Freq_Value=16000000
RCC.SMPSDivider=1
RCC.SYSCLKFreq_VALUE=32000000
RCC.SYSCLKSource=RCC_SYSCLKSOURCE_HSE
RCC.USART1Freq_Value=32000000
RCC.USBFreq_Value=48000000
RCC.VCOInputFreq_Value=4000000
RCC.VCOOutputFreq_Value=128000000
RCC.VCOSAI1OutputFreq_Value=96000000
RF1.Mode=RF1_Activate
RF1.Signal=RF_RF1
SH.GPXTI3.0=GPIO_EXTI3
SH.GPXTI3.ConfNb=1
STM32_WPAN.AD_SERVICE_CLASS_UUID_1=FF 00
STM32_WPAN.AD_SERVICE_CLASS_UUID_1_INV=[00, FF]
STM32_WPAN.AD_TYPE_COMPLETE_LOCAL_NAME=RYVOK-1
STM32_WPAN.AD_TYPE_COMPLETE_LOCAL_NAME_LENGTH=8
STM32_WPAN.AD_TYPE_SHORTENED_LOCAL_NAME=RYVOK
STM32_WPAN.AD_TYPE_SHORTENED_LOCAL_NAME_LENGTH=6
STM32_WPAN.CFG_ADV_BD_ADDRESS=0x1257acd87a6a
STM32_WPAN.CFG_BLE_MAX_TX_POWER=6
STM32_WPAN.CFG_BLE_MIN_TX_POWER=-40
STM32_WPAN.CFG_GAP_DEVICE_NAME=RYVOK-1
STM32_WPAN.CFG_GAP_DEVICE_NAME_LENGTH=7
STM32_WPAN.CFG_TX_POWER=(0x19) /* 0dBm */
STM32_WPAN.CUSTOM_P2P_SERVER=Disabled
STM32_WPAN.CUSTOM_TEMPLATE=Enabled
STM32_WPAN.GAP_PERIPHERAL_ROLE=1
STM32_WPAN.INCLUDE_AD_TYPE_128_BIT_SERV_UUID_CMPLT_LIST=0
STM32_WPAN.INCLUDE_AD_TYPE_16_BIT_SERV_UUID_CMPLT_LIST=0
STM32_WPAN.INCLUDE_AD_TYPE_COMPLETE_LOCAL_NAME=1
STM32_WPAN.INCLUDE_AD_TYPE_SHORTENED_LOCAL_NAME=1
STM32_WPAN.IPParameters=CUSTOM_P2P_SERVER,CUSTOM_TEMPLATE,NUMBER_OF_SERVICES,SERVICE1_LONG_NAME,SERVICE1_SHORT_NAME,SERVICE1_NUMBER_OF_CHARACTERISTICS,SERVICE1_UUID_TYPE,SERVICE1_UUID,SERVICE1_CHAR1_LONG_NAME,SERVICE1_CHAR1_SHORT_NAME,SERVICE1_CHAR1_UUID_TYPE,SERVICE1_CHAR1_UUID,SERVICE1_CHAR1_GATT_NOTIFY_ATTRIBUTE_WRITE,SERVICE1_CHAR1_GATT_NOTIFY_WRITE_REQ_AND_WAIT_FOR_APPL_RESP,SERVICE1_CHAR1_GATT_NOTIFY_READ_REQ_AND_WAIT_FOR_APPL_RESP,SERVICE1_CHAR2_LONG_NAME,SERVICE1_CHAR2_SHORT_NAME,SERVICE1_CHAR2_UUID_TYPE,SERVICE1_CHAR2_UUID,SERVICE1_CHAR2_PROP_BROADCAST,SERVICE1_CHAR2_PROP_READ,SERVICE1_CHAR2_GATT_NOTIFY_ATTRIBUTE_WRITE,SERVICE1_CHAR2_GATT_NOTIFY_WRITE_REQ_AND_WAIT_FOR_APPL_RESP,SERVICE1_CHAR2_GATT_NOTIFY_READ_REQ_AND_WAIT_FOR_APPL_RESP,GAP_PERIPHERAL_ROLE,INCLUDE_AD_TYPE_SHORTENED_LOCAL_NAME,AD_TYPE_SHORTENED_LOCAL_NAME,INCLUDE_AD_TYPE_16_BIT_SERV_UUID_CMPLT_LIST,AD_SERVICE_CLASS_UUID_1,AD_SERVICE_CLASS_UUID_1_INV,SERVICE1_TYPE,SERVICE1_CHAR1_LENGTH_CHARACTERISTIC,CFG_TX_POWER,CFG_ADV_BD_ADDRESS,L2CAP_REQUEST_NEW_CONN_PARAM,CFG_BLE_MIN_TX_POWER,CFG_BLE_MAX_TX_POWER,SERVICE2_LONG_NAME,SERVICE2_SHORT_NAME,SERVICE2_UUID_TYPE,SERVICE2_CHAR1_UUID_TYPE,SERVICE2_CHAR1_PROP_READ,SERVICE2_CHAR1_GATT_NOTIFY_ATTRIBUTE_WRITE,SERVICE2_CHAR1_GATT_NOTIFY_WRITE_REQ_AND_WAIT_FOR_APPL_RESP,SERVICE2_CHAR1_GATT_NOTIFY_READ_REQ_AND_WAIT_FOR_APPL_RESP,SERVICE2_CHAR1_LONG_NAME,SERVICE2_CHAR1_SHORT_NAME,SERVICE2_UUID,SERVICE2_CHAR1_UUID,SERVICE1_CHAR2_UUID_128_INPUT_TYPE,SERVICE2_CHAR1_UUID_128_INPUT_TYPE,SERVICE2_TYPE,SERVICE3_LONG_NAME,SERVICE3_SHORT_NAME,SERVICE3_NUMBER_OF_CHARACTERISTICS,SERVICE3_UUID_TYPE,SERVICE3_UUID,SERVICE3_CHAR1_LONG_NAME,SERVICE3_CHAR2_LONG_NAME,SERVICE3_CHAR3_LONG_NAME,SERVICE3_CHAR3_SHORT_NAME,SERVICE3_CHAR2_SHORT_NAME,SERVICE3_CHAR1_SHORT_NAME,SERVICE3_CHAR1_UUID_TYPE,SERVICE3_CHAR2_UUID_TYPE,SERVICE3_CHAR3_UUID_TYPE,SERVICE3_CHAR3_GATT_NOTIFY_ATTRIBUTE_WRITE,SERVICE3_CHAR3_GATT_NOTIFY_WRITE_REQ_AND_WAIT_FOR_APPL_RESP,SERVICE3_CHAR3_GATT_NOTIFY_READ_REQ_AND_WAIT_FOR_APPL_RESP,SERVICE3_CHAR2_GATT_NOTIFY_ATTRIBUTE_WRITE,SERVICE3_CHAR2_GATT_NOTIFY_WRITE_REQ_AND_WAIT_FOR_APPL_RESP,SERVICE3_CHAR2_GATT_NOTIFY_READ_REQ_AND_WAIT_FOR_APPL_RESP,SERVICE3_CHAR3_PROP_BROADCAST,SERVICE3_CHAR3_PROP_READ,SERVICE3_CHAR2_PROP_BROADCAST,SERVICE3_CHAR2_PROP_READ,SERVICE3_CHAR1_GATT_NOTIFY_ATTRIBUTE_WRITE,SERVICE3_CHAR1_GATT_NOTIFY_WRITE_REQ_AND_WAIT_FOR_APPL_RESP,SERVICE3_CHAR1_GATT_NOTIFY_READ_REQ_AND_WAIT_FOR_APPL_RESP,SERVICE3_CHAR1_PROP_BROADCAST,SERVICE3_CHAR1_PROP_READ,SERVICE3_CHAR1_UUID,SERVICE3_CHAR2_UUID,SERVICE3_CHAR3_UUID,SERVICE2_NUMBER_OF_CHARACTERISTICS,SERVICE2_CHAR2_LONG_NAME,SERVICE2_CHAR3_LONG_NAME,SERVICE2_CHAR3_UUID_TYPE,SERVICE2_CHAR3_GATT_NOTIFY_ATTRIBUTE_WRITE,SERVICE2_CHAR3_GATT_NOTIFY_WRITE_REQ_AND_WAIT_FOR_APPL_RESP,SERVICE2_CHAR3_GATT_NOTIFY_READ_REQ_AND_WAIT_FOR_APPL_RESP,SERVICE2_CHAR3_ATTR_PERMISSION_AUTHEN_READ,SERVICE2_CHAR3_ATTR_PERMISSION_AUTHOR_READ,SERVICE2_CHAR2_GATT_NOTIFY_READ_REQ_AND_WAIT_FOR_APPL_RESP,SERVICE2_CHAR2_GATT_NOTIFY_WRITE_REQ_AND_WAIT_FOR_APPL_RESP,SERVICE2_CHAR2_GATT_NOTIFY_ATTRIBUTE_WRITE,SERVICE2_CHAR2_PROP_BROADCAST,SERVICE2_CHAR2_PROP_READ,SERVICE2_CHAR2_UUID_TYPE,SERVICE2_CHAR3_SHORT_NAME,SERVICE2_CHAR2_SHORT_NAME,SERVICE2_CHAR2_UUID,SERVICE2_CHAR3_UUID,SERVICE2_CHAR3_PROP_BROADCAST,SERVICE2_CHAR3_PROP_READ,SERVICE3_CHAR1_PROP_WRITE_WITHOUT_RESP,CFG_GAP_DEVICE_NAME,AD_TYPE_SHORTENED_LOCAL_NAME_LENGTH,INCLUDE_AD_TYPE_COMPLETE_LOCAL_NAME,AD_TYPE_COMPLETE_LOCAL_NAME,AD_TYPE_COMPLETE_LOCAL_NAME_LENGTH,SERVICE1_CHAR1_PROP_NOTIFY,CFG_GAP_DEVICE_NAME_LENGTH,INCLUDE_AD_TYPE_128_BIT_SERV_UUID_CMPLT_LIST,SERVICE1_CHAR1_VALUE_LENGTH,SERVICE3_UUID_128_INPUT_TYPE,SERVICE3_CHAR2_PROP_WRITE_WITHOUT_RESP
STM32_WPAN.L2CAP_REQUEST_NEW_CONN_PARAM=1
STM32_WPAN.NUMBER_OF_SERVICES=3
STM32_WPAN.SERVICE1_CHAR1_GATT_NOTIFY_ATTRIBUTE_WRITE=\ 
STM32_WPAN.SERVICE1_CHAR1_GATT_NOTIFY_READ_REQ_AND_WAIT_FOR_APPL_RESP=\ 
STM32_WPAN.SERVICE1_CHAR1_GATT_NOTIFY_WRITE_REQ_AND_WAIT_FOR_APPL_RESP=\ 
STM32_WPAN.SERVICE1_CHAR1_LENGTH_CHARACTERISTIC=CHAR_VALUE_LEN_CONSTANT
STM32_WPAN.SERVICE1_CHAR1_LONG_NAME=Temperature_value
STM32_WPAN.SERVICE1_CHAR1_PROP_NOTIFY=CHAR_PROP_NOTIFY
STM32_WPAN.SERVICE1_CHAR1_SHORT_NAME=TMPV
STM32_WPAN.SERVICE1_CHAR1_UUID=FF 01
STM32_WPAN.SERVICE1_CHAR1_UUID_TYPE=0x02
STM32_WPAN.SERVICE1_CHAR1_VALUE_LENGTH=18
STM32_WPAN.SERVICE1_CHAR2_GATT_NOTIFY_ATTRIBUTE_WRITE=\ 
STM32_WPAN.SERVICE1_CHAR2_GATT_NOTIFY_READ_REQ_AND_WAIT_FOR_APPL_RESP=\ 
STM32_WPAN.SERVICE1_CHAR2_GATT_NOTIFY_WRITE_REQ_AND_WAIT_FOR_APPL_RESP=\ 
STM32_WPAN.SERVICE1_CHAR2_LONG_NAME=Battery_charging_status
STM32_WPAN.SERVICE1_CHAR2_PROP_BROADCAST=CHAR_PROP_BROADCAST
STM32_WPAN.SERVICE1_CHAR2_PROP_READ=CHAR_PROP_READ
STM32_WPAN.SERVICE1_CHAR2_SHORT_NAME=BCRG
STM32_WPAN.SERVICE1_CHAR2_UUID=2B ED
STM32_WPAN.SERVICE1_CHAR2_UUID_128_INPUT_TYPE=0
STM32_WPAN.SERVICE1_CHAR2_UUID_TYPE=0x01
STM32_WPAN.SERVICE1_LONG_NAME=Sensors_service
STM32_WPAN.SERVICE1_NUMBER_OF_CHARACTERISTICS=1
STM32_WPAN.SERVICE1_SHORT_NAME=SNSR
STM32_WPAN.SERVICE1_TYPE=PRIMARY_SERVICE
STM32_WPAN.SERVICE1_UUID=FF 00
STM32_WPAN.SERVICE1_UUID_TYPE=0x02
STM32_WPAN.SERVICE2_CHAR1_GATT_NOTIFY_ATTRIBUTE_WRITE=\ 
STM32_WPAN.SERVICE2_CHAR1_GATT_NOTIFY_READ_REQ_AND_WAIT_FOR_APPL_RESP=GATT_NOTIFY_READ_REQ_AND_WAIT_FOR_APPL_RESP
STM32_WPAN.SERVICE2_CHAR1_GATT_NOTIFY_WRITE_REQ_AND_WAIT_FOR_APPL_RESP=\ 
STM32_WPAN.SERVICE2_CHAR1_LONG_NAME=Barometer_value
STM32_WPAN.SERVICE2_CHAR1_PROP_READ=CHAR_PROP_READ
STM32_WPAN.SERVICE2_CHAR1_SHORT_NAME=BRVL
STM32_WPAN.SERVICE2_CHAR1_UUID=FE 01
STM32_WPAN.SERVICE2_CHAR1_UUID_128_INPUT_TYPE=0
STM32_WPAN.SERVICE2_CHAR1_UUID_TYPE=0x02
STM32_WPAN.SERVICE2_CHAR2_GATT_NOTIFY_ATTRIBUTE_WRITE=\ 
STM32_WPAN.SERVICE2_CHAR2_GATT_NOTIFY_READ_REQ_AND_WAIT_FOR_APPL_RESP=\ 
STM32_WPAN.SERVICE2_CHAR2_GATT_NOTIFY_WRITE_REQ_AND_WAIT_FOR_APPL_RESP=\ 
STM32_WPAN.SERVICE2_CHAR2_LONG_NAME=Angular_value_xyz
STM32_WPAN.SERVICE2_CHAR2_PROP_BROADCAST=CHAR_PROP_BROADCAST
STM32_WPAN.SERVICE2_CHAR2_PROP_READ=CHAR_PROP_READ
STM32_WPAN.SERVICE2_CHAR2_SHORT_NAME=ANGL
STM32_WPAN.SERVICE2_CHAR2_UUID=27 20
STM32_WPAN.SERVICE2_CHAR2_UUID_TYPE=0x01
STM32_WPAN.SERVICE2_CHAR3_ATTR_PERMISSION_AUTHEN_READ=\ 
STM32_WPAN.SERVICE2_CHAR3_ATTR_PERMISSION_AUTHOR_READ=\ 
STM32_WPAN.SERVICE2_CHAR3_GATT_NOTIFY_ATTRIBUTE_WRITE=\ 
STM32_WPAN.SERVICE2_CHAR3_GATT_NOTIFY_READ_REQ_AND_WAIT_FOR_APPL_RESP=\ 
STM32_WPAN.SERVICE2_CHAR3_GATT_NOTIFY_WRITE_REQ_AND_WAIT_FOR_APPL_RESP=\ 
STM32_WPAN.SERVICE2_CHAR3_LONG_NAME=Acceleration_value_xyz
STM32_WPAN.SERVICE2_CHAR3_PROP_BROADCAST=CHAR_PROP_BROADCAST
STM32_WPAN.SERVICE2_CHAR3_PROP_READ=CHAR_PROP_READ
STM32_WPAN.SERVICE2_CHAR3_SHORT_NAME=ACCL
STM32_WPAN.SERVICE2_CHAR3_UUID=27 13
STM32_WPAN.SERVICE2_CHAR3_UUID_TYPE=0x01
STM32_WPAN.SERVICE2_LONG_NAME=Battery_service
STM32_WPAN.SERVICE2_NUMBER_OF_CHARACTERISTICS=1
STM32_WPAN.SERVICE2_SHORT_NAME=BTRS
STM32_WPAN.SERVICE2_TYPE=PRIMARY_SERVICE
STM32_WPAN.SERVICE2_UUID=FE 00
STM32_WPAN.SERVICE2_UUID_TYPE=0x02
STM32_WPAN.SERVICE3_CHAR1_GATT_NOTIFY_ATTRIBUTE_WRITE=GATT_NOTIFY_ATTRIBUTE_WRITE
STM32_WPAN.SERVICE3_CHAR1_GATT_NOTIFY_READ_REQ_AND_WAIT_FOR_APPL_RESP=\ 
STM32_WPAN.SERVICE3_CHAR1_GATT_NOTIFY_WRITE_REQ_AND_WAIT_FOR_APPL_RESP=\ 
STM32_WPAN.SERVICE3_CHAR1_LONG_NAME=ResetReqChar
STM32_WPAN.SERVICE3_CHAR1_PROP_BROADCAST=CHAR_PROP_BROADCAST
STM32_WPAN.SERVICE3_CHAR1_PROP_READ=CHAR_PROP_READ
STM32_WPAN.SERVICE3_CHAR1_PROP_WRITE_WITHOUT_RESP=CHAR_PROP_WRITE_WITHOUT_RESP
STM32_WPAN.SERVICE3_CHAR1_SHORT_NAME=RERE
STM32_WPAN.SERVICE3_CHAR1_UUID=FD 01
STM32_WPAN.SERVICE3_CHAR1_UUID_TYPE=0x02
STM32_WPAN.SERVICE3_CHAR2_GATT_NOTIFY_ATTRIBUTE_WRITE=GATT_NOTIFY_ATTRIBUTE_WRITE
STM32_WPAN.SERVICE3_CHAR2_GATT_NOTIFY_READ_REQ_AND_WAIT_FOR_APPL_RESP=\ 
STM32_WPAN.SERVICE3_CHAR2_GATT_NOTIFY_WRITE_REQ_AND_WAIT_FOR_APPL_RESP=\ 
STM32_WPAN.SERVICE3_CHAR2_LONG_NAME=ResetFull
STM32_WPAN.SERVICE3_CHAR2_PROP_BROADCAST=CHAR_PROP_BROADCAST
STM32_WPAN.SERVICE3_CHAR2_PROP_READ=CHAR_PROP_READ
STM32_WPAN.SERVICE3_CHAR2_PROP_WRITE_WITHOUT_RESP=CHAR_PROP_WRITE_WITHOUT_RESP
STM32_WPAN.SERVICE3_CHAR2_SHORT_NAME=REFU
STM32_WPAN.SERVICE3_CHAR2_UUID=FD 02
STM32_WPAN.SERVICE3_CHAR2_UUID_TYPE=0x02
STM32_WPAN.SERVICE3_CHAR3_GATT_NOTIFY_ATTRIBUTE_WRITE=\ 
STM32_WPAN.SERVICE3_CHAR3_GATT_NOTIFY_READ_REQ_AND_WAIT_FOR_APPL_RESP=\ 
STM32_WPAN.SERVICE3_CHAR3_GATT_NOTIFY_WRITE_REQ_AND_WAIT_FOR_APPL_RESP=\ 
STM32_WPAN.SERVICE3_CHAR3_LONG_NAME=Angular_value_x
STM32_WPAN.SERVICE3_CHAR3_PROP_BROADCAST=CHAR_PROP_BROADCAST
STM32_WPAN.SERVICE3_CHAR3_PROP_READ=CHAR_PROP_READ
STM32_WPAN.SERVICE3_CHAR3_SHORT_NAME=ANVX
STM32_WPAN.SERVICE3_CHAR3_UUID=27 20
STM32_WPAN.SERVICE3_CHAR3_UUID_TYPE=0x01
STM32_WPAN.SERVICE3_LONG_NAME=Control_service
STM32_WPAN.SERVICE3_NUMBER_OF_CHARACTERISTICS=2
STM32_WPAN.SERVICE3_SHORT_NAME=CNRT
STM32_WPAN.SERVICE3_UUID=FD 00
STM32_WPAN.SERVICE3_UUID_128_INPUT_TYPE=0
STM32_WPAN.SERVICE3_UUID_TYPE=0x02
STMicroelectronics.X-CUBE-MEMS1.9.6.0.BSP.number=1
STMicroelectronics.X-CUBE-MEMS1.9.6.0.BoardOoPartJjAccGyrJjLSM6DSR=I2C
STMicroelectronics.X-CUBE-MEMS1.9.6.0.BoardOoPartJjAccGyr_Checked=true
STMicroelectronics.X-CUBE-MEMS1.9.6.0.IPParameters=BoardOoPartJjAccGyrJjLSM6DSR
STMicroelectronics.X-CUBE-MEMS1.9.6.00.BSP.STBoard=false
STMicroelectronics.X-CUBE-MEMS1.9.6.00.BSP.api=BSP_BUS_DRIVER
STMicroelectronics.X-CUBE-MEMS1.9.6.00.BSP.component=
STMicroelectronics.X-CUBE-MEMS1.9.6.00.BSP.condition=SEMBoardOoPartJjAccGyrJjLSM6DSRJjI2C
STMicroelectronics.X-CUBE-MEMS1.9.6.00.BSP.instance=I2C1
STMicroelectronics.X-CUBE-MEMS1.9.6.00.BSP.ip=I2C
STMicroelectronics.X-CUBE-MEMS1.9.6.00.BSP.mode=I2C
STMicroelectronics.X-CUBE-MEMS1.9.6.00.BSP.name=LSM6DSR BUS IO driver
STMicroelectronics.X-CUBE-MEMS1.9.6.00.BSP.semaphore=
STMicroelectronics.X-CUBE-MEMS1.9.6.00.BSP.solution=I2C1
STMicroelectronics.X-CUBE-MEMS1.9.6.0_SwParameter=BoardOoPartJjAccGyrJjLSM6DSR\:I2C;
VP_HSEM_VS_HSEM.Mode=HSEM_Activate
VP_HSEM_VS_HSEM.Signal=HSEM_VS_HSEM
VP_IPCC_VS_IPCC.Mode=IPCC_Activate
VP_IPCC_VS_IPCC.Signal=IPCC_VS_IPCC
VP_RTC_VS_RTC_Activate.Mode=RTC_Enabled
VP_RTC_VS_RTC_Activate.Signal=RTC_VS_RTC_Activate
VP_RTC_VS_RTC_WakeUp_intern.Mode=WakeUp
VP_RTC_VS_RTC_WakeUp_intern.Signal=RTC_VS_RTC_WakeUp_intern
VP_SEQUENCER_VS_SEQUENCER.Mode=SEQUENCER_Enabled
VP_SEQUENCER_VS_SEQUENCER.Signal=SEQUENCER_VS_SEQUENCER
VP_STM32_WPAN_VS_BLE_HOST.Mode=STM32_WPAN_Enabled
VP_STM32_WPAN_VS_BLE_HOST.Signal=STM32_WPAN_VS_BLE_HOST
VP_STMicroelectronics.X-CUBE-MEMS1_VS_BoardOoPartJjAccGyr_5.5.0_9.6.0.Mode=BoardOoPartJjAccGyr
VP_STMicroelectronics.X-CUBE-MEMS1_VS_BoardOoPartJjAccGyr_5.5.0_9.6.0.Signal=STMicroelectronics.X-CUBE-MEMS1_VS_BoardOoPartJjAccGyr_5.5.0_9.6.0
VP_SYS_VS_Systick.Mode=SysTick
VP_SYS_VS_Systick.Signal=SYS_VS_Systick
VP_TINY_LPM_VS_TINY_LPM.Mode=TINY_LPM_Enabled
VP_TINY_LPM_VS_TINY_LPM.Signal=TINY_LPM_VS_TINY_LPM
board=P-NUCLEO-WB55-USBDONGLE
boardIOC=true
isbadioc=false
